
Microsoft Visual Studio Solution File, Format Version 12.00
# Visual Studio Version 17
VisualStudioVersion = 17.8.34316.72
MinimumVisualStudioVersion = 10.0.40219.1
Project("{FAE04EC0-301F-11D3-BF4B-00C04F79EFBC}") = "PartyPalApp", "PartyPalApp\PartyPalApp.csproj", "{6BA505FE-1413-4E80-A609-751E24A70B17}"
EndProject
Global
	GlobalSection(SolutionConfigurationPlatforms) = preSolution
		Debug|Any CPU = Debug|Any CPU
		Release|Any CPU = Release|Any CPU
	EndGlobalSection
	GlobalSection(ProjectConfigurationPlatforms) = postSolution
		{6BA505FE-1413-4E80-A609-751E24A70B17}.Debug|Any CPU.ActiveCfg = Debug|Any CPU
		{6BA505FE-1413-4E80-A609-751E24A70B17}.Debug|Any CPU.Build.0 = Debug|Any CPU
		{6BA505FE-1413-4E80-A609-751E24A70B17}.Debug|Any CPU.Deploy.0 = Debug|Any CPU
		{6BA505FE-1413-4E80-A609-751E24A70B17}.Release|Any CPU.ActiveCfg = Release|Any CPU
		{6BA505FE-1413-4E80-A609-751E24A70B17}.Release|Any CPU.Build.0 = Release|Any CPU
		{6BA505FE-1413-4E80-A609-751E24A70B17}.Release|Any CPU.Deploy.0 = Release|Any CPU
	EndGlobalSection
	GlobalSection(SolutionProperties) = preSolution
		HideSolutionNode = FALSE
	EndGlobalSection
	GlobalSection(ExtensibilityGlobals) = postSolution
		SolutionGuid = {210E2B37-E3A4-4539-A241-0F32CD25D60E}
	EndGlobalSection
EndGlobal
